
Microsoft Visual Studio Solution File, Format Version 12.00
# Visual Studio Version 16
VisualStudioVersion = 16.0.30413.136
MinimumVisualStudioVersion = 10.0.40219.1
Project("{FAE04EC0-301F-11D3-BF4B-00C04F79EFBC}") = "Simon_Game_Matthew_Green", "Simon_Game_Matthew_Green\Simon_Game_Matthew_Green.csproj", "{C58F179F-68D9-4167-97AD-E6E4991D06EB}"
EndProject
Global
	GlobalSection(SolutionConfigurationPlatforms) = preSolution
		Debug|Any CPU = Debug|Any CPU
		Release|Any CPU = Release|Any CPU
	EndGlobalSection
	GlobalSection(ProjectConfigurationPlatforms) = postSolution
		{C58F179F-68D9-4167-97AD-E6E4991D06EB}.Debug|Any CPU.ActiveCfg = Debug|Any CPU
		{C58F179F-68D9-4167-97AD-E6E4991D06EB}.Debug|Any CPU.Build.0 = Debug|Any CPU
		{C58F179F-68D9-4167-97AD-E6E4991D06EB}.Release|Any CPU.ActiveCfg = Release|Any CPU
		{C58F179F-68D9-4167-97AD-E6E4991D06EB}.Release|Any CPU.Build.0 = Release|Any CPU
	EndGlobalSection
	GlobalSection(SolutionProperties) = preSolution
		HideSolutionNode = FALSE
	EndGlobalSection
	GlobalSection(ExtensibilityGlobals) = postSolution
		SolutionGuid = {938F5633-88F9-45F7-93EE-DCE89153E48D}
	EndGlobalSection
EndGlobal
